
Microsoft Visual Studio Solution File, Format Version 12.00
# Visual Studio Version 16
VisualStudioVersion = 16.0.30114.105
MinimumVisualStudioVersion = 10.0.40219.1
Project("{FAE04EC0-301F-11D3-BF4B-00C04F79EFBC}") = "R5T.Larissa.Configuration.Sardinia", "R5T.Larissa.Configuration.Sardinia\R5T.Larissa.Configuration.Sardinia.csproj", "{C02D53E0-8C72-48A9-AA57-E101F5D661C2}"
EndProject
Project("{FAE04EC0-301F-11D3-BF4B-00C04F79EFBC}") = "R5T.Larissa.Configuration.Sardinia.Construction", "R5T.Larissa.Configuration.Sardinia.Construction\R5T.Larissa.Configuration.Sardinia.Construction.csproj", "{7EB9D811-E411-40B5-92DC-0F5FB9D31691}"
EndProject
Project("{FAE04EC0-301F-11D3-BF4B-00C04F79EFBC}") = "R5T.Larissa.Configuration.Sardinia.Testing", "R5T.Larissa.Configuration.Sardinia.Testing\R5T.Larissa.Configuration.Sardinia.Testing.csproj", "{B8A09C40-FE72-4969-BB59-8997393E2D24}"
EndProject
Project("{2150E333-8FDC-42A3-9474-1A3956D46DE8}") = "_Dependencies", "_Dependencies", "{542B5370-761D-4648-8DA7-7619DD9F926B}"
EndProject
Project("{FAE04EC0-301F-11D3-BF4B-00C04F79EFBC}") = "R5T.T0064", "..\..\R5T.T0064\source\R5T.T0064\R5T.T0064.csproj", "{F28C8FB6-5C5A-4737-8F16-927D02D8B26B}"
EndProject
Global
	GlobalSection(SolutionConfigurationPlatforms) = preSolution
		Debug|Any CPU = Debug|Any CPU
		Debug|x64 = Debug|x64
		Debug|x86 = Debug|x86
		Release|Any CPU = Release|Any CPU
		Release|x64 = Release|x64
		Release|x86 = Release|x86
	EndGlobalSection
	GlobalSection(SolutionProperties) = preSolution
		HideSolutionNode = FALSE
	EndGlobalSection
	GlobalSection(ProjectConfigurationPlatforms) = postSolution
		{C02D53E0-8C72-48A9-AA57-E101F5D661C2}.Debug|Any CPU.ActiveCfg = Debug|Any CPU
		{C02D53E0-8C72-48A9-AA57-E101F5D661C2}.Debug|Any CPU.Build.0 = Debug|Any CPU
		{C02D53E0-8C72-48A9-AA57-E101F5D661C2}.Debug|x64.ActiveCfg = Debug|Any CPU
		{C02D53E0-8C72-48A9-AA57-E101F5D661C2}.Debug|x64.Build.0 = Debug|Any CPU
		{C02D53E0-8C72-48A9-AA57-E101F5D661C2}.Debug|x86.ActiveCfg = Debug|Any CPU
		{C02D53E0-8C72-48A9-AA57-E101F5D661C2}.Debug|x86.Build.0 = Debug|Any CPU
		{C02D53E0-8C72-48A9-AA57-E101F5D661C2}.Release|Any CPU.ActiveCfg = Release|Any CPU
		{C02D53E0-8C72-48A9-AA57-E101F5D661C2}.Release|Any CPU.Build.0 = Release|Any CPU
		{C02D53E0-8C72-48A9-AA57-E101F5D661C2}.Release|x64.ActiveCfg = Release|Any CPU
		{C02D53E0-8C72-48A9-AA57-E101F5D661C2}.Release|x64.Build.0 = Release|Any CPU
		{C02D53E0-8C72-48A9-AA57-E101F5D661C2}.Release|x86.ActiveCfg = Release|Any CPU
		{C02D53E0-8C72-48A9-AA57-E101F5D661C2}.Release|x86.Build.0 = Release|Any CPU
		{7EB9D811-E411-40B5-92DC-0F5FB9D31691}.Debug|Any CPU.ActiveCfg = Debug|Any CPU
		{7EB9D811-E411-40B5-92DC-0F5FB9D31691}.Debug|Any CPU.Build.0 = Debug|Any CPU
		{7EB9D811-E411-40B5-92DC-0F5FB9D31691}.Debug|x64.ActiveCfg = Debug|Any CPU
		{7EB9D811-E411-40B5-92DC-0F5FB9D31691}.Debug|x64.Build.0 = Debug|Any CPU
		{7EB9D811-E411-40B5-92DC-0F5FB9D31691}.Debug|x86.ActiveCfg = Debug|Any CPU
		{7EB9D811-E411-40B5-92DC-0F5FB9D31691}.Debug|x86.Build.0 = Debug|Any CPU
		{7EB9D811-E411-40B5-92DC-0F5FB9D31691}.Release|Any CPU.ActiveCfg = Release|Any CPU
		{7EB9D811-E411-40B5-92DC-0F5FB9D31691}.Release|Any CPU.Build.0 = Release|Any CPU
		{7EB9D811-E411-40B5-92DC-0F5FB9D31691}.Release|x64.ActiveCfg = Release|Any CPU
		{7EB9D811-E411-40B5-92DC-0F5FB9D31691}.Release|x64.Build.0 = Release|Any CPU
		{7EB9D811-E411-40B5-92DC-0F5FB9D31691}.Release|x86.ActiveCfg = Release|Any CPU
		{7EB9D811-E411-40B5-92DC-0F5FB9D31691}.Release|x86.Build.0 = Release|Any CPU
		{B8A09C40-FE72-4969-BB59-8997393E2D24}.Debug|Any CPU.ActiveCfg = Debug|Any CPU
		{B8A09C40-FE72-4969-BB59-8997393E2D24}.Debug|Any CPU.Build.0 = Debug|Any CPU
		{B8A09C40-FE72-4969-BB59-8997393E2D24}.Debug|x64.ActiveCfg = Debug|Any CPU
		{B8A09C40-FE72-4969-BB59-8997393E2D24}.Debug|x64.Build.0 = Debug|Any CPU
		{B8A09C40-FE72-4969-BB59-8997393E2D24}.Debug|x86.ActiveCfg = Debug|Any CPU
		{B8A09C40-FE72-4969-BB59-8997393E2D24}.Debug|x86.Build.0 = Debug|Any CPU
		{B8A09C40-FE72-4969-BB59-8997393E2D24}.Release|Any CPU.ActiveCfg = Release|Any CPU
		{B8A09C40-FE72-4969-BB59-8997393E2D24}.Release|Any CPU.Build.0 = Release|Any CPU
		{B8A09C40-FE72-4969-BB59-8997393E2D24}.Release|x64.ActiveCfg = Release|Any CPU
		{B8A09C40-FE72-4969-BB59-8997393E2D24}.Release|x64.Build.0 = Release|Any CPU
		{B8A09C40-FE72-4969-BB59-8997393E2D24}.Release|x86.ActiveCfg = Release|Any CPU
		{B8A09C40-FE72-4969-BB59-8997393E2D24}.Release|x86.Build.0 = Release|Any CPU
		{F28C8FB6-5C5A-4737-8F16-927D02D8B26B}.Debug|Any CPU.ActiveCfg = Debug|Any CPU
		{F28C8FB6-5C5A-4737-8F16-927D02D8B26B}.Debug|Any CPU.Build.0 = Debug|Any CPU
		{F28C8FB6-5C5A-4737-8F16-927D02D8B26B}.Debug|x64.ActiveCfg = Debug|Any CPU
		{F28C8FB6-5C5A-4737-8F16-927D02D8B26B}.Debug|x64.Build.0 = Debug|Any CPU
		{F28C8FB6-5C5A-4737-8F16-927D02D8B26B}.Debug|x86.ActiveCfg = Debug|Any CPU
		{F28C8FB6-5C5A-4737-8F16-927D02D8B26B}.Debug|x86.Build.0 = Debug|Any CPU
		{F28C8FB6-5C5A-4737-8F16-927D02D8B26B}.Release|Any CPU.ActiveCfg = Release|Any CPU
		{F28C8FB6-5C5A-4737-8F16-927D02D8B26B}.Release|Any CPU.Build.0 = Release|Any CPU
		{F28C8FB6-5C5A-4737-8F16-927D02D8B26B}.Release|x64.ActiveCfg = Release|Any CPU
		{F28C8FB6-5C5A-4737-8F16-927D02D8B26B}.Release|x64.Build.0 = Release|Any CPU
		{F28C8FB6-5C5A-4737-8F16-927D02D8B26B}.Release|x86.ActiveCfg = Release|Any CPU
		{F28C8FB6-5C5A-4737-8F16-927D02D8B26B}.Release|x86.Build.0 = Release|Any CPU
	EndGlobalSection
	GlobalSection(NestedProjects) = preSolution
		{F28C8FB6-5C5A-4737-8F16-927D02D8B26B} = {542B5370-761D-4648-8DA7-7619DD9F926B}
	EndGlobalSection
EndGlobal
